
Microsoft Visual Studio Solution File, Format Version 12.00
# Visual Studio Version 16
VisualStudioVersion = 16.0.29215.179
MinimumVisualStudioVersion = 10.0.40219.1
Project("{FAE04EC0-301F-11D3-BF4B-00C04F79EFBC}") = "BKnE2Client", "..\BKnE2Client\BKnE2Client.csproj", "{55248FA5-19F4-4938-B147-55DB20BC8AB4}"
EndProject
Project("{FAE04EC0-301F-11D3-BF4B-00C04F79EFBC}") = "BKnE2Server", "..\BKnE2Server\BKnE2Server.csproj", "{5D9520FE-C454-4E68-8D94-FA3575EC03AE}"
EndProject
Project("{FAE04EC0-301F-11D3-BF4B-00C04F79EFBC}") = "BKnE2Lib", "BKnE2Lib\BKnE2Lib.csproj", "{5AF735B5-F4F7-49F1-917D-DBB10B0E20BC}"
EndProject
Global
	GlobalSection(SolutionConfigurationPlatforms) = preSolution
		Debug|Any CPU = Debug|Any CPU
		Release|Any CPU = Release|Any CPU
	EndGlobalSection
	GlobalSection(ProjectConfigurationPlatforms) = postSolution
		{55248FA5-19F4-4938-B147-55DB20BC8AB4}.Debug|Any CPU.ActiveCfg = Debug|Any CPU
		{55248FA5-19F4-4938-B147-55DB20BC8AB4}.Debug|Any CPU.Build.0 = Debug|Any CPU
		{55248FA5-19F4-4938-B147-55DB20BC8AB4}.Release|Any CPU.ActiveCfg = Release|Any CPU
		{55248FA5-19F4-4938-B147-55DB20BC8AB4}.Release|Any CPU.Build.0 = Release|Any CPU
		{5D9520FE-C454-4E68-8D94-FA3575EC03AE}.Debug|Any CPU.ActiveCfg = Debug|Any CPU
		{5D9520FE-C454-4E68-8D94-FA3575EC03AE}.Debug|Any CPU.Build.0 = Debug|Any CPU
		{5D9520FE-C454-4E68-8D94-FA3575EC03AE}.Release|Any CPU.ActiveCfg = Release|Any CPU
		{5D9520FE-C454-4E68-8D94-FA3575EC03AE}.Release|Any CPU.Build.0 = Release|Any CPU
		{5AF735B5-F4F7-49F1-917D-DBB10B0E20BC}.Debug|Any CPU.ActiveCfg = Debug|Any CPU
		{5AF735B5-F4F7-49F1-917D-DBB10B0E20BC}.Debug|Any CPU.Build.0 = Debug|Any CPU
		{5AF735B5-F4F7-49F1-917D-DBB10B0E20BC}.Release|Any CPU.ActiveCfg = Release|Any CPU
		{5AF735B5-F4F7-49F1-917D-DBB10B0E20BC}.Release|Any CPU.Build.0 = Release|Any CPU
	EndGlobalSection
	GlobalSection(SolutionProperties) = preSolution
		HideSolutionNode = FALSE
	EndGlobalSection
	GlobalSection(ExtensibilityGlobals) = postSolution
		SolutionGuid = {324757D8-9615-440E-BA6E-ADB3AA30E91C}
	EndGlobalSection
EndGlobal
